
Microsoft Visual Studio Solution File, Format Version 12.00
# Visual Studio Version 16
VisualStudioVersion = 16.0.31410.357
MinimumVisualStudioVersion = 10.0.40219.1
Project("{FAE04EC0-301F-11D3-BF4B-00C04F79EFBC}") = "DeckOfCards", "DeckOfCards\DeckOfCards.csproj", "{0EDDE0F6-F1FF-40D3-AA24-7C54C5BD1A5F}"
EndProject
Global
	GlobalSection(SolutionConfigurationPlatforms) = preSolution
		Debug|Any CPU = Debug|Any CPU
		Release|Any CPU = Release|Any CPU
	EndGlobalSection
	GlobalSection(ProjectConfigurationPlatforms) = postSolution
		{0EDDE0F6-F1FF-40D3-AA24-7C54C5BD1A5F}.Debug|Any CPU.ActiveCfg = Debug|Any CPU
		{0EDDE0F6-F1FF-40D3-AA24-7C54C5BD1A5F}.Debug|Any CPU.Build.0 = Debug|Any CPU
		{0EDDE0F6-F1FF-40D3-AA24-7C54C5BD1A5F}.Release|Any CPU.ActiveCfg = Release|Any CPU
		{0EDDE0F6-F1FF-40D3-AA24-7C54C5BD1A5F}.Release|Any CPU.Build.0 = Release|Any CPU
	EndGlobalSection
	GlobalSection(SolutionProperties) = preSolution
		HideSolutionNode = FALSE
	EndGlobalSection
	GlobalSection(ExtensibilityGlobals) = postSolution
		SolutionGuid = {2430C89F-F6CC-465E-8D07-0048E7A2D41C}
	EndGlobalSection
EndGlobal
